{
  "name": "@ianwalter/power-sled",
  "version": "1.0.0",
  "lockfileVersion": 1,
  "requires": true,
  "dependencies": {
    "@ianwalter/sled": {
      "version": "1.0.2",
      "resolved": "https://registry.npmjs.org/@ianwalter/sled/-/sled-1.0.2.tgz",
      "integrity": "sha512-zsL1EMI6mTBgs2x5GIm4W9EQX4I0QS60Fw6qRB3oC6mIL8EW6uPjWemTiYJMCr5wtIITwaRPghIfWewqUO82ZQ=="
    }
  }
}
